
Microsoft Visual Studio Solution File, Format Version 12.00
# Visual Studio Version 16
VisualStudioVersion = 16.0.30711.63
MinimumVisualStudioVersion = 10.0.40219.1
Project("{FAE04EC0-301F-11D3-BF4B-00C04F79EFBC}") = "Kurs", "Kurs\Kurs.csproj", "{EF05458A-62F2-4184-83F9-FEF2E4B4CD56}"
EndProject
Global
	GlobalSection(SolutionConfigurationPlatforms) = preSolution
		Debug|Any CPU = Debug|Any CPU
		Release|Any CPU = Release|Any CPU
	EndGlobalSection
	GlobalSection(ProjectConfigurationPlatforms) = postSolution
		{EF05458A-62F2-4184-83F9-FEF2E4B4CD56}.Debug|Any CPU.ActiveCfg = Debug|Any CPU
		{EF05458A-62F2-4184-83F9-FEF2E4B4CD56}.Debug|Any CPU.Build.0 = Debug|Any CPU
		{EF05458A-62F2-4184-83F9-FEF2E4B4CD56}.Release|Any CPU.ActiveCfg = Release|Any CPU
		{EF05458A-62F2-4184-83F9-FEF2E4B4CD56}.Release|Any CPU.Build.0 = Release|Any CPU
	EndGlobalSection
	GlobalSection(SolutionProperties) = preSolution
		HideSolutionNode = FALSE
	EndGlobalSection
	GlobalSection(ExtensibilityGlobals) = postSolution
		SolutionGuid = {60D30C58-76BA-4D35-A289-BCE7B184B77C}
	EndGlobalSection
EndGlobal
